{
  "originHash" : "02a5ab49cb59c6b75956ef6092adf22d332add142e9bc4685f46fff5f73558f3",
  "pins" : [
    {
      "identity" : "swift-concurrency-extras",
      "kind" : "remoteSourceControl",
      "location" : "https://github.com/pointfreeco/swift-concurrency-extras",
      "state" : {
        "revision" : "a90e2e40a7a840a853dd29e57cbef5dbb72c9d5b",
        "version" : "1.4.0"
      }
    },
    {
      "identity" : "swiftui-math",
      "kind" : "remoteSourceControl",
      "location" : "https://github.com/gonzalezreal/swiftui-math",
      "state" : {
        "revision" : "0b5c2cfaaec8d6193db206f675048eeb5ce95f71",
        "version" : "0.1.0"
      }
    },
    {
      "identity" : "textual",
      "kind" : "remoteSourceControl",
      "location" : "https://github.com/gonzalezreal/textual.git",
      "state" : {
        "revision" : "01b51875a5406eefc95f52a058cb059e7bc94dc4",
        "version" : "0.5.0"
      }
    },
    {
      "identity" : "tintedthemingswift",
      "kind" : "remoteSourceControl",
      "location" : "https://github.com/aspauldingcode/TintedThemingSwift.git",
      "state" : {
        "branch" : "main",
        "revision" : "597e08987162ed2f951aaa06e35736d17a5817c1"
      }
    },
    {
      "identity" : "yams",
      "kind" : "remoteSourceControl",
      "location" : "https://github.com/jpsim/Yams.git",
      "state" : {
        "revision" : "3d6871d5b4a5cd519adf233fbb576e0a2af71c17",
        "version" : "5.4.0"
      }
    }
  ],
  "version" : 3
}
